// !$*UTF8*$!
{
	archiveVersion = 1;
	classes = {
	};
	objectVersion = 46;
	objects = {

/* Begin PBXBuildFile section */
		E279F9B115E8D5E600B0C26D /* UIKit.framework in Frameworks */ = {isa = PBXBuildFile; fileRef = E279F9B015E8D5E600B0C26D /* UIKit.framework */; };
		E279F9B315E8D5E600B0C26D /* Foundation.framework in Frameworks */ = {isa = PBXBuildFile; fileRef = E279F9B215E8D5E600B0C26D /* Foundation.framework */; };
		E279F9B515E8D5E600B0C26D /* CoreGraphics.framework in Frameworks */ = {isa = PBXBuildFile; fileRef = E279F9B415E8D5E600B0C26D /* CoreGraphics.framework */; };
		E279F9BB15E8D5E600B0C26D /* InfoPlist.strings in Resources */ = {isa = PBXBuildFile; fileRef = E279F9B915E8D5E600B0C26D /* InfoPlist.strings */; };
		E279F9BD15E8D5E600B0C26D /* main.m in Sources */ = {isa = PBXBuildFile; fileRef = E279F9BC15E8D5E600B0C26D /* main.m */; };
		E279F9C115E8D5E600B0C26D /* BFAppDelegate.m in Sources */ = {isa = PBXBuildFile; fileRef = E279F9C015E8D5E600B0C26D /* BFAppDelegate.m */; };
		E279F9C415E8D5E600B0C26D /* BFViewController.m in Sources */ = {isa = PBXBuildFile; fileRef = E279F9C315E8D5E600B0C26D /* BFViewController.m */; };
		E279F9C715E8D5E600B0C26D /* BFViewController_iPhone.xib in Resources */ = {isa = PBXBuildFile; fileRef = E279F9C515E8D5E600B0C26D /* BFViewController_iPhone.xib */; };
		E279F9D515E8D73900B0C26D /* GLGravityView.m in Sources */ = {isa = PBXBuildFile; fileRef = E279F9D215E8D73900B0C26D /* GLGravityView.m */; };
		E279F9D615E8D73900B0C26D /* MotionDetection.m in Sources */ = {isa = PBXBuildFile; fileRef = E279F9D415E8D73900B0C26D /* MotionDetection.m */; };
		E279F9D815E8D75800B0C26D /* AddressBook.framework in Frameworks */ = {isa = PBXBuildFile; fileRef = E279F9D715E8D75700B0C26D /* AddressBook.framework */; };
		E279F9DA15E8D76000B0C26D /* CoreLocation.framework in Frameworks */ = {isa = PBXBuildFile; fileRef = E279F9D915E8D76000B0C26D /* CoreLocation.framework */; };
		E279F9DC15E8D76700B0C26D /* CoreMotion.framework in Frameworks */ = {isa = PBXBuildFile; fileRef = E279F9DB15E8D76700B0C26D /* CoreMotion.framework */; };
		E279F9DE15E8D77800B0C26D /* MapKit.framework in Frameworks */ = {isa = PBXBuildFile; fileRef = E279F9DD15E8D77800B0C26D /* MapKit.framework */; };
		E279F9E015E8D78500B0C26D /* OpenGLES.framework in Frameworks */ = {isa = PBXBuildFile; fileRef = E279F9DF15E8D78500B0C26D /* OpenGLES.framework */; };
		E279F9E215E8D79300B0C26D /* QuartzCore.framework in Frameworks */ = {isa = PBXBuildFile; fileRef = E279F9E115E8D79300B0C26D /* QuartzCore.framework */; };
		E279F9E415E8D79900B0C26D /* Security.framework in Frameworks */ = {isa = PBXBuildFile; fileRef = E279F9E315E8D79900B0C26D /* Security.framework */; };
		E279F9E615E8D7A100B0C26D /* SystemConfiguration.framework in Frameworks */ = {isa = PBXBuildFile; fileRef = E279F9E515E8D7A100B0C26D /* SystemConfiguration.framework */; };
		E29478E115EE7AF200DD0093 /* SoundEffect.m in Sources */ = {isa = PBXBuildFile; fileRef = E29478E015EE7AF200DD0093 /* SoundEffect.m */; };
		E29478E415EE7D3600DD0093 /* spring.mp3 in Resources */ = {isa = PBXBuildFile; fileRef = E29478E315EE7D3600DD0093 /* spring.mp3 */; };
		E298D0C815ED057300759B51 /* AVFoundation.framework in Frameworks */ = {isa = PBXBuildFile; fileRef = E298D0C715ED057300759B51 /* AVFoundation.framework */; };
		E298D0CB15ED07B700759B51 /* emtf.wav in Resources */ = {isa = PBXBuildFile; fileRef = E298D0CA15ED07B700759B51 /* emtf.wav */; };
		E298D0D315ED2D3900759B51 /* background.jpg in Resources */ = {isa = PBXBuildFile; fileRef = E298D0D215ED2D3900759B51 /* background.jpg */; };
		E29957C115F3C9DD001C4E50 /* IntroViewController_iPhone.xib in Resources */ = {isa = PBXBuildFile; fileRef = E29957C015F3C9DD001C4E50 /* IntroViewController_iPhone.xib */; };
		E29957C915F3CBE3001C4E50 /* IntroViewController.m in Sources */ = {isa = PBXBuildFile; fileRef = E29957C815F3CBE3001C4E50 /* IntroViewController.m */; };
		E29957CC15F3CDCF001C4E50 /* ViewSwitcher.m in Sources */ = {isa = PBXBuildFile; fileRef = E29957CB15F3CDCF001C4E50 /* ViewSwitcher.m */; };
		E29957CF15F3D34C001C4E50 /* BFAppData.m in Sources */ = {isa = PBXBuildFile; fileRef = E29957CE15F3D34C001C4E50 /* BFAppData.m */; };
		E29957D115F3E1BD001C4E50 /* intro_background.png in Resources */ = {isa = PBXBuildFile; fileRef = E29957D015F3E1BC001C4E50 /* intro_background.png */; };
		E29957D315F3E302001C4E50 /* IntroPages_iPhone.xib in Resources */ = {isa = PBXBuildFile; fileRef = E29957D215F3E302001C4E50 /* IntroPages_iPhone.xib */; };
		E2C1546C15E8DC5500C48DFE /* JSONKit.m in Sources */ = {isa = PBXBuildFile; fileRef = E2C1542C15E8DC5500C48DFE /* JSONKit.m */; };
		E2C1546D15E8DC5500C48DFE /* Reachability.m in Sources */ = {isa = PBXBuildFile; fileRef = E2C1542E15E8DC5500C48DFE /* Reachability.m */; };
		E2C1546E15E8DC5500C48DFE /* GTMBase64.m in Sources */ = {isa = PBXBuildFile; fileRef = E2C1543215E8DC5500C48DFE /* GTMBase64.m */; };
		E2C1546F15E8DC5500C48DFE /* Localizable.strings in Resources */ = {isa = PBXBuildFile; fileRef = E2C1543415E8DC5500C48DFE /* Localizable.strings */; };
		E2C1547015E8DC5500C48DFE /* bg.png in Resources */ = {isa = PBXBuildFile; fileRef = E2C1543815E8DC5500C48DFE /* bg.png */; };
		E2C1547115E8DC5500C48DFE /* bg@2x.png in Resources */ = {isa = PBXBuildFile; fileRef = E2C1543915E8DC5500C48DFE /* bg@2x.png */; };
		E2C1547215E8DC5500C48DFE /* bg_land.png in Resources */ = {isa = PBXBuildFile; fileRef = E2C1543A15E8DC5500C48DFE /* bg_land.png */; };
		E2C1547315E8DC5500C48DFE /* bg_land@2x.png in Resources */ = {isa = PBXBuildFile; fileRef = E2C1543B15E8DC5500C48DFE /* bg_land@2x.png */; };
		E2C1547415E8DC5500C48DFE /* btn.png in Resources */ = {isa = PBXBuildFile; fileRef = E2C1543C15E8DC5500C48DFE /* btn.png */; };
		E2C1547515E8DC5500C48DFE /* btn@2x.png in Resources */ = {isa = PBXBuildFile; fileRef = E2C1543D15E8DC5500C48DFE /* btn@2x.png */; };
		E2C1547615E8DC5500C48DFE /* close.png in Resources */ = {isa = PBXBuildFile; fileRef = E2C1543E15E8DC5500C48DFE /* close.png */; };
		E2C1547715E8DC5500C48DFE /* close@2x.png in Resources */ = {isa = PBXBuildFile; fileRef = E2C1543F15E8DC5500C48DFE /* close@2x.png */; };
		E2C1547815E8DC5500C48DFE /* close_btn.png in Resources */ = {isa = PBXBuildFile; fileRef = E2C1544015E8DC5500C48DFE /* close_btn.png */; };
		E2C1547915E8DC5500C48DFE /* close_btn@2x.png in Resources */ = {isa = PBXBuildFile; fileRef = E2C1544115E8DC5500C48DFE /* close_btn@2x.png */; };
		E2C1547A15E8DC5500C48DFE /* delete.png in Resources */ = {isa = PBXBuildFile; fileRef = E2C1544215E8DC5500C48DFE /* delete.png */; };
		E2C1547B15E8DC5500C48DFE /* delete@2x.png in Resources */ = {isa = PBXBuildFile; fileRef = E2C1544315E8DC5500C48DFE /* delete@2x.png */; };
		E2C1547C15E8DC5500C48DFE /* logo.png in Resources */ = {isa = PBXBuildFile; fileRef = E2C1544415E8DC5500C48DFE /* logo.png */; };
		E2C1547D15E8DC5500C48DFE /* logo@2x.png in Resources */ = {isa = PBXBuildFile; fileRef = E2C1544515E8DC5500C48DFE /* logo@2x.png */; };
		E2C1547E15E8DC5500C48DFE /* NSObject+SBJSON.m in Sources */ = {isa = PBXBuildFile; fileRef = E2C1544915E8DC5500C48DFE /* NSObject+SBJSON.m */; };
		E2C1547F15E8DC5500C48DFE /* NSString+SBJSON.m in Sources */ = {isa = PBXBuildFile; fileRef = E2C1544B15E8DC5500C48DFE /* NSString+SBJSON.m */; };
		E2C1548015E8DC5500C48DFE /* SBJSON.m in Sources */ = {isa = PBXBuildFile; fileRef = E2C1544D15E8DC5500C48DFE /* SBJSON.m */; };
		E2C1548115E8DC5500C48DFE /* SBJsonBase.m in Sources */ = {isa = PBXBuildFile; fileRef = E2C1544F15E8DC5500C48DFE /* SBJsonBase.m */; };
		E2C1548215E8DC5500C48DFE /* SBJsonParser.m in Sources */ = {isa = PBXBuildFile; fileRef = E2C1545115E8DC5500C48DFE /* SBJsonParser.m */; };
		E2C1548315E8DC5500C48DFE /* SBJsonWriter.m in Sources */ = {isa = PBXBuildFile; fileRef = E2C1545315E8DC5500C48DFE /* SBJsonWriter.m */; };
		E2C1548415E8DC5500C48DFE /* SFHFKeychainUtils.m in Sources */ = {isa = PBXBuildFile; fileRef = E2C1545615E8DC5500C48DFE /* SFHFKeychainUtils.m */; };
		E2C1548515E8DC5500C48DFE /* WBAuthorize.m in Sources */ = {isa = PBXBuildFile; fileRef = E2C1545815E8DC5500C48DFE /* WBAuthorize.m */; };
		E2C1548615E8DC5500C48DFE /* WBAuthorizeWebView.m in Sources */ = {isa = PBXBuildFile; fileRef = E2C1545A15E8DC5500C48DFE /* WBAuthorizeWebView.m */; };
		E2C1548715E8DC5500C48DFE /* WBEngine.m in Sources */ = {isa = PBXBuildFile; fileRef = E2C1545C15E8DC5500C48DFE /* WBEngine.m */; };
		E2C1548815E8DC5500C48DFE /* WBLogInAlertView.m in Sources */ = {isa = PBXBuildFile; fileRef = E2C1545E15E8DC5500C48DFE /* WBLogInAlertView.m */; };
		E2C1548915E8DC5500C48DFE /* WBRequest.m in Sources */ = {isa = PBXBuildFile; fileRef = E2C1546015E8DC5500C48DFE /* WBRequest.m */; };
		E2C1548A15E8DC5500C48DFE /* WBSendView.m in Sources */ = {isa = PBXBuildFile; fileRef = E2C1546315E8DC5500C48DFE /* WBSendView.m */; };
		E2C1548B15E8DC5500C48DFE /* WBUtil.m in Sources */ = {isa = PBXBuildFile; fileRef = E2C1546515E8DC5500C48DFE /* WBUtil.m */; };
		E2C1548C15E8DC5500C48DFE /* SVGeocoder.m in Sources */ = {isa = PBXBuildFile; fileRef = E2C1546915E8DC5500C48DFE /* SVGeocoder.m */; };
		E2C1548D15E8DC5500C48DFE /* SVPlacemark.m in Sources */ = {isa = PBXBuildFile; fileRef = E2C1546B15E8DC5500C48DFE /* SVPlacemark.m */; };
		E2C1549115E90F3C00C48DFE /* WebAPIClient.m in Sources */ = {isa = PBXBuildFile; fileRef = E2C1549015E90F3C00C48DFE /* WebAPIClient.m */; };
		E2C1549315E9112000C48DFE /* config.plist in Resources */ = {isa = PBXBuildFile; fileRef = E2C1549215E9112000C48DFE /* config.plist */; };
/* End PBXBuildFile section */

/* Begin PBXFileReference section */
		E279F9AC15E8D5E600B0C26D /* baifo.app */ = {isa = PBXFileReference; explicitFileType = wrapper.application; includeInIndex = 0; path = baifo.app; sourceTree = BUILT_PRODUCTS_DIR; };
		E279F9B015E8D5E600B0C26D /* UIKit.framework */ = {isa = PBXFileReference; lastKnownFileType = wrapper.framework; name = UIKit.framework; path = System/Library/Frameworks/UIKit.framework; sourceTree = SDKROOT; };
		E279F9B215E8D5E600B0C26D /* Foundation.framework */ = {isa = PBXFileReference; lastKnownFileType = wrapper.framework; name = Foundation.framework; path = System/Library/Frameworks/Foundation.framework; sourceTree = SDKROOT; };
		E279F9B415E8D5E600B0C26D /* CoreGraphics.framework */ = {isa = PBXFileReference; lastKnownFileType = wrapper.framework; name = CoreGraphics.framework; path = System/Library/Frameworks/CoreGraphics.framework; sourceTree = SDKROOT; };
		E279F9B815E8D5E600B0C26D /* baifo-Info.plist */ = {isa = PBXFileReference; lastKnownFileType = text.plist.xml; path = "baifo-Info.plist"; sourceTree = "<group>"; };
		E279F9BA15E8D5E600B0C26D /* en */ = {isa = PBXFileReference; lastKnownFileType = text.plist.strings; name = en; path = en.lproj/InfoPlist.strings; sourceTree = "<group>"; };
		E279F9BC15E8D5E600B0C26D /* main.m */ = {isa = PBXFileReference; lastKnownFileType = sourcecode.c.objc; path = main.m; sourceTree = "<group>"; };
		E279F9BE15E8D5E600B0C26D /* baifo-Prefix.pch */ = {isa = PBXFileReference; lastKnownFileType = sourcecode.c.h; path = "baifo-Prefix.pch"; sourceTree = "<group>"; };
		E279F9BF15E8D5E600B0C26D /* BFAppDelegate.h */ = {isa = PBXFileReference; lastKnownFileType = sourcecode.c.h; path = BFAppDelegate.h; sourceTree = "<group>"; };
		E279F9C015E8D5E600B0C26D /* BFAppDelegate.m */ = {isa = PBXFileReference; lastKnownFileType = sourcecode.c.objc; path = BFAppDelegate.m; sourceTree = "<group>"; };
		E279F9C215E8D5E600B0C26D /* BFViewController.h */ = {isa = PBXFileReference; lastKnownFileType = sourcecode.c.h; path = BFViewController.h; sourceTree = "<group>"; };
		E279F9C315E8D5E600B0C26D /* BFViewController.m */ = {isa = PBXFileReference; lastKnownFileType = sourcecode.c.objc; path = BFViewController.m; sourceTree = "<group>"; };
		E279F9C615E8D5E600B0C26D /* en */ = {isa = PBXFileReference; lastKnownFileType = file.xib; name = en; path = en.lproj/BFViewController_iPhone.xib; sourceTree = "<group>"; };
		E279F9D115E8D73900B0C26D /* GLGravityView.h */ = {isa = PBXFileReference; fileEncoding = 4; lastKnownFileType = sourcecode.c.h; path = GLGravityView.h; sourceTree = "<group>"; };
		E279F9D215E8D73900B0C26D /* GLGravityView.m */ = {isa = PBXFileReference; fileEncoding = 4; lastKnownFileType = sourcecode.c.objc; path = GLGravityView.m; sourceTree = "<group>"; };
		E279F9D315E8D73900B0C26D /* MotionDetection.h */ = {isa = PBXFileReference; fileEncoding = 4; lastKnownFileType = sourcecode.c.h; path = MotionDetection.h; sourceTree = "<group>"; };
		E279F9D415E8D73900B0C26D /* MotionDetection.m */ = {isa = PBXFileReference; fileEncoding = 4; lastKnownFileType = sourcecode.c.objc; path = MotionDetection.m; sourceTree = "<group>"; };
		E279F9D715E8D75700B0C26D /* AddressBook.framework */ = {isa = PBXFileReference; lastKnownFileType = wrapper.framework; name = AddressBook.framework; path = System/Library/Frameworks/AddressBook.framework; sourceTree = SDKROOT; };
		E279F9D915E8D76000B0C26D /* CoreLocation.framework */ = {isa = PBXFileReference; lastKnownFileType = wrapper.framework; name = CoreLocation.framework; path = System/Library/Frameworks/CoreLocation.framework; sourceTree = SDKROOT; };
		E279F9DB15E8D76700B0C26D /* CoreMotion.framework */ = {isa = PBXFileReference; lastKnownFileType = wrapper.framework; name = CoreMotion.framework; path = System/Library/Frameworks/CoreMotion.framework; sourceTree = SDKROOT; };
		E279F9DD15E8D77800B0C26D /* MapKit.framework */ = {isa = PBXFileReference; lastKnownFileType = wrapper.framework; name = MapKit.framework; path = System/Library/Frameworks/MapKit.framework; sourceTree = SDKROOT; };
		E279F9DF15E8D78500B0C26D /* OpenGLES.framework */ = {isa = PBXFileReference; lastKnownFileType = wrapper.framework; name = OpenGLES.framework; path = System/Library/Frameworks/OpenGLES.framework; sourceTree = SDKROOT; };
		E279F9E115E8D79300B0C26D /* QuartzCore.framework */ = {isa = PBXFileReference; lastKnownFileType = wrapper.framework; name = QuartzCore.framework; path = System/Library/Frameworks/QuartzCore.framework; sourceTree = SDKROOT; };
		E279F9E315E8D79900B0C26D /* Security.framework */ = {isa = PBXFileReference; lastKnownFileType = wrapper.framework; name = Security.framework; path = System/Library/Frameworks/Security.framework; sourceTree = SDKROOT; };
		E279F9E515E8D7A100B0C26D /* SystemConfiguration.framework */ = {isa = PBXFileReference; lastKnownFileType = wrapper.framework; name = SystemConfiguration.framework; path = System/Library/Frameworks/SystemConfiguration.framework; sourceTree = SDKROOT; };
		E29478DF15EE7AF200DD0093 /* SoundEffect.h */ = {isa = PBXFileReference; fileEncoding = 4; lastKnownFileType = sourcecode.c.h; path = SoundEffect.h; sourceTree = "<group>"; };
		E29478E015EE7AF200DD0093 /* SoundEffect.m */ = {isa = PBXFileReference; fileEncoding = 4; lastKnownFileType = sourcecode.c.objc; path = SoundEffect.m; sourceTree = "<group>"; };
		E29478E315EE7D3600DD0093 /* spring.mp3 */ = {isa = PBXFileReference; lastKnownFileType = audio.mp3; path = spring.mp3; sourceTree = "<group>"; };
		E298D0C715ED057300759B51 /* AVFoundation.framework */ = {isa = PBXFileReference; lastKnownFileType = wrapper.framework; name = AVFoundation.framework; path = System/Library/Frameworks/AVFoundation.framework; sourceTree = SDKROOT; };
		E298D0CA15ED07B700759B51 /* emtf.wav */ = {isa = PBXFileReference; lastKnownFileType = audio.wav; path = emtf.wav; sourceTree = "<group>"; };
		E298D0D215ED2D3900759B51 /* background.jpg */ = {isa = PBXFileReference; lastKnownFileType = image.jpeg; path = background.jpg; sourceTree = "<group>"; };
		E29957C015F3C9DD001C4E50 /* IntroViewController_iPhone.xib */ = {isa = PBXFileReference; fileEncoding = 4; lastKnownFileType = file.xib; path = IntroViewController_iPhone.xib; sourceTree = "<group>"; };
		E29957C715F3CBE3001C4E50 /* IntroViewController.h */ = {isa = PBXFileReference; fileEncoding = 4; lastKnownFileType = sourcecode.c.h; path = IntroViewController.h; sourceTree = "<group>"; };
		E29957C815F3CBE3001C4E50 /* IntroViewController.m */ = {isa = PBXFileReference; fileEncoding = 4; lastKnownFileType = sourcecode.c.objc; path = IntroViewController.m; sourceTree = "<group>"; };
		E29957CA15F3CDCF001C4E50 /* ViewSwitcher.h */ = {isa = PBXFileReference; fileEncoding = 4; lastKnownFileType = sourcecode.c.h; path = ViewSwitcher.h; sourceTree = "<group>"; };
		E29957CB15F3CDCF001C4E50 /* ViewSwitcher.m */ = {isa = PBXFileReference; fileEncoding = 4; lastKnownFileType = sourcecode.c.objc; path = ViewSwitcher.m; sourceTree = "<group>"; };
		E29957CD15F3D34B001C4E50 /* BFAppData.h */ = {isa = PBXFileReference; fileEncoding = 4; lastKnownFileType = sourcecode.c.h; path = BFAppData.h; sourceTree = "<group>"; };
		E29957CE15F3D34C001C4E50 /* BFAppData.m */ = {isa = PBXFileReference; fileEncoding = 4; lastKnownFileType = sourcecode.c.objc; path = BFAppData.m; sourceTree = "<group>"; };
		E29957D015F3E1BC001C4E50 /* intro_background.png */ = {isa = PBXFileReference; lastKnownFileType = image.png; path = intro_background.png; sourceTree = "<group>"; };
		E29957D215F3E302001C4E50 /* IntroPages_iPhone.xib */ = {isa = PBXFileReference; fileEncoding = 4; lastKnownFileType = file.xib; path = IntroPages_iPhone.xib; sourceTree = "<group>"; };
		E2C1542B15E8DC5500C48DFE /* JSONKit.h */ = {isa = PBXFileReference; fileEncoding = 4; lastKnownFileType = sourcecode.c.h; path = JSONKit.h; sourceTree = "<group>"; };
		E2C1542C15E8DC5500C48DFE /* JSONKit.m */ = {isa = PBXFileReference; fileEncoding = 4; lastKnownFileType = sourcecode.c.objc; path = JSONKit.m; sourceTree = "<group>"; };
		E2C1542D15E8DC5500C48DFE /* Reachability.h */ = {isa = PBXFileReference; fileEncoding = 4; lastKnownFileType = sourcecode.c.h; path = Reachability.h; sourceTree = "<group>"; };
		E2C1542E15E8DC5500C48DFE /* Reachability.m */ = {isa = PBXFileReference; fileEncoding = 4; lastKnownFileType = sourcecode.c.objc; path = Reachability.m; sourceTree = "<group>"; };
		E2C1543115E8DC5500C48DFE /* GTMBase64.h */ = {isa = PBXFileReference; fileEncoding = 4; lastKnownFileType = sourcecode.c.h; path = GTMBase64.h; sourceTree = "<group>"; };
		E2C1543215E8DC5500C48DFE /* GTMBase64.m */ = {isa = PBXFileReference; fileEncoding = 4; lastKnownFileType = sourcecode.c.objc; path = GTMBase64.m; sourceTree = "<group>"; };
		E2C1543315E8DC5500C48DFE /* GTMDefines.h */ = {isa = PBXFileReference; fileEncoding = 4; lastKnownFileType = sourcecode.c.h; path = GTMDefines.h; sourceTree = "<group>"; };
		E2C1543515E8DC5500C48DFE /* en */ = {isa = PBXFileReference; lastKnownFileType = text.plist.strings; name = en; path = en.lproj/Localizable.strings; sourceTree = "<group>"; };
		E2C1543815E8DC5500C48DFE /* bg.png */ = {isa = PBXFileReference; lastKnownFileType = image.png; path = bg.png; sourceTree = "<group>"; };
		E2C1543915E8DC5500C48DFE /* bg@2x.png */ = {isa = PBXFileReference; lastKnownFileType = image.png; path = "bg@2x.png"; sourceTree = "<group>"; };
		E2C1543A15E8DC5500C48DFE /* bg_land.png */ = {isa = PBXFileReference; lastKnownFileType = image.png; path = bg_land.png; sourceTree = "<group>"; };
		E2C1543B15E8DC5500C48DFE /* bg_land@2x.png */ = {isa = PBXFileReference; lastKnownFileType = image.png; path = "bg_land@2x.png"; sourceTree = "<group>"; };
		E2C1543C15E8DC5500C48DFE /* btn.png */ = {isa = PBXFileReference; lastKnownFileType = image.png; path = btn.png; sourceTree = "<group>"; };
		E2C1543D15E8DC5500C48DFE /* btn@2x.png */ = {isa = PBXFileReference; lastKnownFileType = image.png; path = "btn@2x.png"; sourceTree = "<group>"; };
		E2C1543E15E8DC5500C48DFE /* close.png */ = {isa = PBXFileReference; lastKnownFileType = image.png; path = close.png; sourceTree = "<group>"; };
		E2C1543F15E8DC5500C48DFE /* close@2x.png */ = {isa = PBXFileReference; lastKnownFileType = image.png; path = "close@2x.png"; sourceTree = "<group>"; };
		E2C1544015E8DC5500C48DFE /* close_btn.png */ = {isa = PBXFileReference; lastKnownFileType = image.png; path = close_btn.png; sourceTree = "<group>"; };
		E2C1544115E8DC5500C48DFE /* close_btn@2x.png */ = {isa = PBXFileReference; lastKnownFileType = image.png; path = "close_btn@2x.png"; sourceTree = "<group>"; };
		E2C1544215E8DC5500C48DFE /* delete.png */ = {isa = PBXFileReference; lastKnownFileType = image.png; path = delete.png; sourceTree = "<group>"; };
		E2C1544315E8DC5500C48DFE /* delete@2x.png */ = {isa = PBXFileReference; lastKnownFileType = image.png; path = "delete@2x.png"; sourceTree = "<group>"; };
		E2C1544415E8DC5500C48DFE /* logo.png */ = {isa = PBXFileReference; lastKnownFileType = image.png; path = logo.png; sourceTree = "<group>"; };
		E2C1544515E8DC5500C48DFE /* logo@2x.png */ = {isa = PBXFileReference; lastKnownFileType = image.png; path = "logo@2x.png"; sourceTree = "<group>"; };
		E2C1544715E8DC5500C48DFE /* JSON.h */ = {isa = PBXFileReference; fileEncoding = 4; lastKnownFileType = sourcecode.c.h; path = JSON.h; sourceTree = "<group>"; };
		E2C1544815E8DC5500C48DFE /* NSObject+SBJSON.h */ = {isa = PBXFileReference; fileEncoding = 4; lastKnownFileType = sourcecode.c.h; path = "NSObject+SBJSON.h"; sourceTree = "<group>"; };
		E2C1544915E8DC5500C48DFE /* NSObject+SBJSON.m */ = {isa = PBXFileReference; fileEncoding = 4; lastKnownFileType = sourcecode.c.objc; path = "NSObject+SBJSON.m"; sourceTree = "<group>"; };
		E2C1544A15E8DC5500C48DFE /* NSString+SBJSON.h */ = {isa = PBXFileReference; fileEncoding = 4; lastKnownFileType = sourcecode.c.h; path = "NSString+SBJSON.h"; sourceTree = "<group>"; };
		E2C1544B15E8DC5500C48DFE /* NSString+SBJSON.m */ = {isa = PBXFileReference; fileEncoding = 4; lastKnownFileType = sourcecode.c.objc; path = "NSString+SBJSON.m"; sourceTree = "<group>"; };
		E2C1544C15E8DC5500C48DFE /* SBJSON.h */ = {isa = PBXFileReference; fileEncoding = 4; lastKnownFileType = sourcecode.c.h; path = SBJSON.h; sourceTree = "<group>"; };
		E2C1544D15E8DC5500C48DFE /* SBJSON.m */ = {isa = PBXFileReference; fileEncoding = 4; lastKnownFileType = sourcecode.c.objc; path = SBJSON.m; sourceTree = "<group>"; };
		E2C1544E15E8DC5500C48DFE /* SBJsonBase.h */ = {isa = PBXFileReference; fileEncoding = 4; lastKnownFileType = sourcecode.c.h; path = SBJsonBase.h; sourceTree = "<group>"; };
		E2C1544F15E8DC5500C48DFE /* SBJsonBase.m */ = {isa = PBXFileReference; fileEncoding = 4; lastKnownFileType = sourcecode.c.objc; path = SBJsonBase.m; sourceTree = "<group>"; };
		E2C1545015E8DC5500C48DFE /* SBJsonParser.h */ = {isa = PBXFileReference; fileEncoding = 4; lastKnownFileType = sourcecode.c.h; path = SBJsonParser.h; sourceTree = "<group>"; };
		E2C1545115E8DC5500C48DFE /* SBJsonParser.m */ = {isa = PBXFileReference; fileEncoding = 4; lastKnownFileType = sourcecode.c.objc; path = SBJsonParser.m; sourceTree = "<group>"; };
		E2C1545215E8DC5500C48DFE /* SBJsonWriter.h */ = {isa = PBXFileReference; fileEncoding = 4; lastKnownFileType = sourcecode.c.h; path = SBJsonWriter.h; sourceTree = "<group>"; };
		E2C1545315E8DC5500C48DFE /* SBJsonWriter.m */ = {isa = PBXFileReference; fileEncoding = 4; lastKnownFileType = sourcecode.c.objc; path = SBJsonWriter.m; sourceTree = "<group>"; };
		E2C1545515E8DC5500C48DFE /* SFHFKeychainUtils.h */ = {isa = PBXFileReference; fileEncoding = 4; lastKnownFileType = sourcecode.c.h; path = SFHFKeychainUtils.h; sourceTree = "<group>"; };
		E2C1545615E8DC5500C48DFE /* SFHFKeychainUtils.m */ = {isa = PBXFileReference; fileEncoding = 4; lastKnownFileType = sourcecode.c.objc; path = SFHFKeychainUtils.m; sourceTree = "<group>"; };
		E2C1545715E8DC5500C48DFE /* WBAuthorize.h */ = {isa = PBXFileReference; fileEncoding = 4; lastKnownFileType = sourcecode.c.h; path = WBAuthorize.h; sourceTree = "<group>"; };
		E2C1545815E8DC5500C48DFE /* WBAuthorize.m */ = {isa = PBXFileReference; fileEncoding = 4; lastKnownFileType = sourcecode.c.objc; path = WBAuthorize.m; sourceTree = "<group>"; };
		E2C1545915E8DC5500C48DFE /* WBAuthorizeWebView.h */ = {isa = PBXFileReference; fileEncoding = 4; lastKnownFileType = sourcecode.c.h; path = WBAuthorizeWebView.h; sourceTree = "<group>"; };
		E2C1545A15E8DC5500C48DFE /* WBAuthorizeWebView.m */ = {isa = PBXFileReference; fileEncoding = 4; lastKnownFileType = sourcecode.c.objc; path = WBAuthorizeWebView.m; sourceTree = "<group>"; };
		E2C1545B15E8DC5500C48DFE /* WBEngine.h */ = {isa = PBXFileReference; fileEncoding = 4; lastKnownFileType = sourcecode.c.h; path = WBEngine.h; sourceTree = "<group>"; };
		E2C1545C15E8DC5500C48DFE /* WBEngine.m */ = {isa = PBXFileReference; fileEncoding = 4; lastKnownFileType = sourcecode.c.objc; path = WBEngine.m; sourceTree = "<group>"; };
		E2C1545D15E8DC5500C48DFE /* WBLogInAlertView.h */ = {isa = PBXFileReference; fileEncoding = 4; lastKnownFileType = sourcecode.c.h; path = WBLogInAlertView.h; sourceTree = "<group>"; };
		E2C1545E15E8DC5500C48DFE /* WBLogInAlertView.m */ = {isa = PBXFileReference; fileEncoding = 4; lastKnownFileType = sourcecode.c.objc; path = WBLogInAlertView.m; sourceTree = "<group>"; };
		E2C1545F15E8DC5500C48DFE /* WBRequest.h */ = {isa = PBXFileReference; fileEncoding = 4; lastKnownFileType = sourcecode.c.h; path = WBRequest.h; sourceTree = "<group>"; };
		E2C1546015E8DC5500C48DFE /* WBRequest.m */ = {isa = PBXFileReference; fileEncoding = 4; lastKnownFileType = sourcecode.c.objc; path = WBRequest.m; sourceTree = "<group>"; };
		E2C1546115E8DC5500C48DFE /* WBSDKGlobal.h */ = {isa = PBXFileReference; fileEncoding = 4; lastKnownFileType = sourcecode.c.h; path = WBSDKGlobal.h; sourceTree = "<group>"; };
		E2C1546215E8DC5500C48DFE /* WBSendView.h */ = {isa = PBXFileReference; fileEncoding = 4; lastKnownFileType = sourcecode.c.h; path = WBSendView.h; sourceTree = "<group>"; };
		E2C1546315E8DC5500C48DFE /* WBSendView.m */ = {isa = PBXFileReference; fileEncoding = 4; lastKnownFileType = sourcecode.c.objc; path = WBSendView.m; sourceTree = "<group>"; };
		E2C1546415E8DC5500C48DFE /* WBUtil.h */ = {isa = PBXFileReference; fileEncoding = 4; lastKnownFileType = sourcecode.c.h; path = WBUtil.h; sourceTree = "<group>"; };
		E2C1546515E8DC5500C48DFE /* WBUtil.m */ = {isa = PBXFileReference; fileEncoding = 4; lastKnownFileType = sourcecode.c.objc; path = WBUtil.m; sourceTree = "<group>"; };
		E2C1546615E8DC5500C48DFE /* zh-Hans */ = {isa = PBXFileReference; lastKnownFileType = text.plist.strings; name = "zh-Hans"; path = "zh-Hans.lproj/Localizable.strings"; sourceTree = "<group>"; };
		E2C1546715E8DC5500C48DFE /* zh-Hant */ = {isa = PBXFileReference; lastKnownFileType = text.plist.strings; name = "zh-Hant"; path = "zh-Hant.lproj/Localizable.strings"; sourceTree = "<group>"; };
		E2C1546815E8DC5500C48DFE /* SVGeocoder.h */ = {isa = PBXFileReference; fileEncoding = 4; lastKnownFileType = sourcecode.c.h; path = SVGeocoder.h; sourceTree = "<group>"; };
		E2C1546915E8DC5500C48DFE /* SVGeocoder.m */ = {isa = PBXFileReference; fileEncoding = 4; lastKnownFileType = sourcecode.c.objc; path = SVGeocoder.m; sourceTree = "<group>"; };
		E2C1546A15E8DC5500C48DFE /* SVPlacemark.h */ = {isa = PBXFileReference; fileEncoding = 4; lastKnownFileType = sourcecode.c.h; path = SVPlacemark.h; sourceTree = "<group>"; };
		E2C1546B15E8DC5500C48DFE /* SVPlacemark.m */ = {isa = PBXFileReference; fileEncoding = 4; lastKnownFileType = sourcecode.c.objc; path = SVPlacemark.m; sourceTree = "<group>"; };
		E2C1548F15E90F3C00C48DFE /* WebAPIClient.h */ = {isa = PBXFileReference; fileEncoding = 4; lastKnownFileType = sourcecode.c.h; path = WebAPIClient.h; sourceTree = "<group>"; };
		E2C1549015E90F3C00C48DFE /* WebAPIClient.m */ = {isa = PBXFileReference; fileEncoding = 4; lastKnownFileType = sourcecode.c.objc; path = WebAPIClient.m; sourceTree = "<group>"; };
		E2C1549215E9112000C48DFE /* config.plist */ = {isa = PBXFileReference; fileEncoding = 4; lastKnownFileType = text.plist.xml; path = config.plist; sourceTree = "<group>"; };
		E2C4458C15E9C42800240ADC /* GLESmodel1.h */ = {isa = PBXFileReference; fileEncoding = 4; lastKnownFileType = sourcecode.c.h; path = GLESmodel1.h; sourceTree = "<group>"; };
		E2C4458D15E9C42800240ADC /* GLESmodel2.h */ = {isa = PBXFileReference; fileEncoding = 4; lastKnownFileType = sourcecode.c.h; path = GLESmodel2.h; sourceTree = "<group>"; };
/* End PBXFileReference section */

/* Begin PBXFrameworksBuildPhase section */
		E279F9A915E8D5E600B0C26D /* Frameworks */ = {
			isa = PBXFrameworksBuildPhase;
			buildActionMask = 2147483647;
			files = (
				E298D0C815ED057300759B51 /* AVFoundation.framework in Frameworks */,
				E279F9B115E8D5E600B0C26D /* UIKit.framework in Frameworks */,
				E279F9E615E8D7A100B0C26D /* SystemConfiguration.framework in Frameworks */,
				E279F9E415E8D79900B0C26D /* Security.framework in Frameworks */,
				E279F9E215E8D79300B0C26D /* QuartzCore.framework in Frameworks */,
				E279F9E015E8D78500B0C26D /* OpenGLES.framework in Frameworks */,
				E279F9DE15E8D77800B0C26D /* MapKit.framework in Frameworks */,
				E279F9B315E8D5E600B0C26D /* Foundation.framework in Frameworks */,
				E279F9DC15E8D76700B0C26D /* CoreMotion.framework in Frameworks */,
				E279F9DA15E8D76000B0C26D /* CoreLocation.framework in Frameworks */,
				E279F9D815E8D75800B0C26D /* AddressBook.framework in Frameworks */,
				E279F9B515E8D5E600B0C26D /* CoreGraphics.framework in Frameworks */,
			);
			runOnlyForDeploymentPostprocessing = 0;
		};
/* End PBXFrameworksBuildPhase section */

/* Begin PBXGroup section */
		E279F9A115E8D5E600B0C26D = {
			isa = PBXGroup;
			children = (
				E2C1542A15E8DC5500C48DFE /* External */,
				E279F9B615E8D5E600B0C26D /* baifo */,
				E279F9AF15E8D5E600B0C26D /* Frameworks */,
				E279F9AD15E8D5E600B0C26D /* Products */,
			);
			sourceTree = "<group>";
		};
		E279F9AD15E8D5E600B0C26D /* Products */ = {
			isa = PBXGroup;
			children = (
				E279F9AC15E8D5E600B0C26D /* baifo.app */,
			);
			name = Products;
			sourceTree = "<group>";
		};
		E279F9AF15E8D5E600B0C26D /* Frameworks */ = {
			isa = PBXGroup;
			children = (
				E279F9D715E8D75700B0C26D /* AddressBook.framework */,
				E298D0C715ED057300759B51 /* AVFoundation.framework */,
				E279F9D915E8D76000B0C26D /* CoreLocation.framework */,
				E279F9B415E8D5E600B0C26D /* CoreGraphics.framework */,
				E279F9DB15E8D76700B0C26D /* CoreMotion.framework */,
				E279F9B215E8D5E600B0C26D /* Foundation.framework */,
				E279F9DD15E8D77800B0C26D /* MapKit.framework */,
				E279F9DF15E8D78500B0C26D /* OpenGLES.framework */,
				E279F9E115E8D79300B0C26D /* QuartzCore.framework */,
				E279F9E315E8D79900B0C26D /* Security.framework */,
				E279F9E515E8D7A100B0C26D /* SystemConfiguration.framework */,
				E279F9B015E8D5E600B0C26D /* UIKit.framework */,
			);
			name = Frameworks;
			sourceTree = "<group>";
		};
		E279F9B615E8D5E600B0C26D /* baifo */ = {
			isa = PBXGroup;
			children = (
				E29957D015F3E1BC001C4E50 /* intro_background.png */,
				E29478E315EE7D3600DD0093 /* spring.mp3 */,
				E29957CA15F3CDCF001C4E50 /* ViewSwitcher.h */,
				E29957CB15F3CDCF001C4E50 /* ViewSwitcher.m */,
				E298D0D215ED2D3900759B51 /* background.jpg */,
				E298D0CA15ED07B700759B51 /* emtf.wav */,
				E2C4458C15E9C42800240ADC /* GLESmodel1.h */,
				E2C4458D15E9C42800240ADC /* GLESmodel2.h */,
				E279F9D115E8D73900B0C26D /* GLGravityView.h */,
				E279F9D215E8D73900B0C26D /* GLGravityView.m */,
				E279F9D315E8D73900B0C26D /* MotionDetection.h */,
				E279F9D415E8D73900B0C26D /* MotionDetection.m */,
				E279F9BF15E8D5E600B0C26D /* BFAppDelegate.h */,
				E279F9C015E8D5E600B0C26D /* BFAppDelegate.m */,
				E279F9C215E8D5E600B0C26D /* BFViewController.h */,
				E279F9C315E8D5E600B0C26D /* BFViewController.m */,
				E279F9C515E8D5E600B0C26D /* BFViewController_iPhone.xib */,
				E279F9B715E8D5E600B0C26D /* Supporting Files */,
				E2C1548F15E90F3C00C48DFE /* WebAPIClient.h */,
				E2C1549015E90F3C00C48DFE /* WebAPIClient.m */,
				E29478DF15EE7AF200DD0093 /* SoundEffect.h */,
				E29478E015EE7AF200DD0093 /* SoundEffect.m */,
				E29957C715F3CBE3001C4E50 /* IntroViewController.h */,
				E29957C815F3CBE3001C4E50 /* IntroViewController.m */,
				E29957C015F3C9DD001C4E50 /* IntroViewController_iPhone.xib */,
				E29957CD15F3D34B001C4E50 /* BFAppData.h */,
				E29957CE15F3D34C001C4E50 /* BFAppData.m */,
				E29957D215F3E302001C4E50 /* IntroPages_iPhone.xib */,
			);
			path = baifo;
			sourceTree = "<group>";
		};
		E279F9B715E8D5E600B0C26D /* Supporting Files */ = {
			isa = PBXGroup;
			children = (
				E279F9B815E8D5E600B0C26D /* baifo-Info.plist */,
				E279F9B915E8D5E600B0C26D /* InfoPlist.strings */,
				E279F9BC15E8D5E600B0C26D /* main.m */,
				E279F9BE15E8D5E600B0C26D /* baifo-Prefix.pch */,
				E2C1549215E9112000C48DFE /* config.plist */,
			);
			name = "Supporting Files";
			sourceTree = "<group>";
		};
		E2C1542A15E8DC5500C48DFE /* External */ = {
			isa = PBXGroup;
			children = (
				E2C1542B15E8DC5500C48DFE /* JSONKit.h */,
				E2C1542C15E8DC5500C48DFE /* JSONKit.m */,
				E2C1542D15E8DC5500C48DFE /* Reachability.h */,
				E2C1542E15E8DC5500C48DFE /* Reachability.m */,
				E2C1542F15E8DC5500C48DFE /* SinaWeiBoSDK */,
				E2C1546815E8DC5500C48DFE /* SVGeocoder.h */,
				E2C1546915E8DC5500C48DFE /* SVGeocoder.m */,
				E2C1546A15E8DC5500C48DFE /* SVPlacemark.h */,
				E2C1546B15E8DC5500C48DFE /* SVPlacemark.m */,
			);
			path = External;
			sourceTree = "<group>";
		};
		E2C1542F15E8DC5500C48DFE /* SinaWeiBoSDK */ = {
			isa = PBXGroup;
			children = (
				E2C1543015E8DC5500C48DFE /* CTMBase64 */,
				E2C1543415E8DC5500C48DFE /* Localizable.strings */,
				E2C1543615E8DC5500C48DFE /* Resource */,
				E2C1544615E8DC5500C48DFE /* SBJSON */,
				E2C1545415E8DC5500C48DFE /* SFHFKeychainUtils */,
				E2C1545715E8DC5500C48DFE /* WBAuthorize.h */,
				E2C1545815E8DC5500C48DFE /* WBAuthorize.m */,
				E2C1545915E8DC5500C48DFE /* WBAuthorizeWebView.h */,
				E2C1545A15E8DC5500C48DFE /* WBAuthorizeWebView.m */,
				E2C1545B15E8DC5500C48DFE /* WBEngine.h */,
				E2C1545C15E8DC5500C48DFE /* WBEngine.m */,
				E2C1545D15E8DC5500C48DFE /* WBLogInAlertView.h */,
				E2C1545E15E8DC5500C48DFE /* WBLogInAlertView.m */,
				E2C1545F15E8DC5500C48DFE /* WBRequest.h */,
				E2C1546015E8DC5500C48DFE /* WBRequest.m */,
				E2C1546115E8DC5500C48DFE /* WBSDKGlobal.h */,
				E2C1546215E8DC5500C48DFE /* WBSendView.h */,
				E2C1546315E8DC5500C48DFE /* WBSendView.m */,
				E2C1546415E8DC5500C48DFE /* WBUtil.h */,
				E2C1546515E8DC5500C48DFE /* WBUtil.m */,
			);
			path = SinaWeiBoSDK;
			sourceTree = "<group>";
		};
		E2C1543015E8DC5500C48DFE /* CTMBase64 */ = {
			isa = PBXGroup;
			children = (
				E2C1543115E8DC5500C48DFE /* GTMBase64.h */,
				E2C1543215E8DC5500C48DFE /* GTMBase64.m */,
				E2C1543315E8DC5500C48DFE /* GTMDefines.h */,
			);
			path = CTMBase64;
			sourceTree = "<group>";
		};
		E2C1543615E8DC5500C48DFE /* Resource */ = {
			isa = PBXGroup;
			children = (
				E2C1543715E8DC5500C48DFE /* Images */,
			);
			path = Resource;
			sourceTree = "<group>";
		};
		E2C1543715E8DC5500C48DFE /* Images */ = {
			isa = PBXGroup;
			children = (
				E2C1543815E8DC5500C48DFE /* bg.png */,
				E2C1543915E8DC5500C48DFE /* bg@2x.png */,
				E2C1543A15E8DC5500C48DFE /* bg_land.png */,
				E2C1543B15E8DC5500C48DFE /* bg_land@2x.png */,
				E2C1543C15E8DC5500C48DFE /* btn.png */,
				E2C1543D15E8DC5500C48DFE /* btn@2x.png */,
				E2C1543E15E8DC5500C48DFE /* close.png */,
				E2C1543F15E8DC5500C48DFE /* close@2x.png */,
				E2C1544015E8DC5500C48DFE /* close_btn.png */,
				E2C1544115E8DC5500C48DFE /* close_btn@2x.png */,
				E2C1544215E8DC5500C48DFE /* delete.png */,
				E2C1544315E8DC5500C48DFE /* delete@2x.png */,
				E2C1544415E8DC5500C48DFE /* logo.png */,
				E2C1544515E8DC5500C48DFE /* logo@2x.png */,
			);
			path = Images;
			sourceTree = "<group>";
		};
		E2C1544615E8DC5500C48DFE /* SBJSON */ = {
			isa = PBXGroup;
			children = (
				E2C1544715E8DC5500C48DFE /* JSON.h */,
				E2C1544815E8DC5500C48DFE /* NSObject+SBJSON.h */,
				E2C1544915E8DC5500C48DFE /* NSObject+SBJSON.m */,
				E2C1544A15E8DC5500C48DFE /* NSString+SBJSON.h */,
				E2C1544B15E8DC5500C48DFE /* NSString+SBJSON.m */,
				E2C1544C15E8DC5500C48DFE /* SBJSON.h */,
				E2C1544D15E8DC5500C48DFE /* SBJSON.m */,
				E2C1544E15E8DC5500C48DFE /* SBJsonBase.h */,
				E2C1544F15E8DC5500C48DFE /* SBJsonBase.m */,
				E2C1545015E8DC5500C48DFE /* SBJsonParser.h */,
				E2C1545115E8DC5500C48DFE /* SBJsonParser.m */,
				E2C1545215E8DC5500C48DFE /* SBJsonWriter.h */,
				E2C1545315E8DC5500C48DFE /* SBJsonWriter.m */,
			);
			path = SBJSON;
			sourceTree = "<group>";
		};
		E2C1545415E8DC5500C48DFE /* SFHFKeychainUtils */ = {
			isa = PBXGroup;
			children = (
				E2C1545515E8DC5500C48DFE /* SFHFKeychainUtils.h */,
				E2C1545615E8DC5500C48DFE /* SFHFKeychainUtils.m */,
			);
			path = SFHFKeychainUtils;
			sourceTree = "<group>";
		};
/* End PBXGroup section */

/* Begin PBXNativeTarget section */
		E279F9AB15E8D5E600B0C26D /* baifo */ = {
			isa = PBXNativeTarget;
			buildConfigurationList = E279F9CD15E8D5E600B0C26D /* Build configuration list for PBXNativeTarget "baifo" */;
			buildPhases = (
				E279F9A815E8D5E600B0C26D /* Sources */,
				E279F9A915E8D5E600B0C26D /* Frameworks */,
				E279F9AA15E8D5E600B0C26D /* Resources */,
			);
			buildRules = (
			);
			dependencies = (
			);
			name = baifo;
			productName = baifo;
			productReference = E279F9AC15E8D5E600B0C26D /* baifo.app */;
			productType = "com.apple.product-type.application";
		};
/* End PBXNativeTarget section */

/* Begin PBXProject section */
		E279F9A315E8D5E600B0C26D /* Project object */ = {
			isa = PBXProject;
			attributes = {
				CLASSPREFIX = BF;
				LastUpgradeCheck = 0440;
				ORGANIZATIONNAME = "Hong Liming";
			};
			buildConfigurationList = E279F9A615E8D5E600B0C26D /* Build configuration list for PBXProject "baifo" */;
			compatibilityVersion = "Xcode 3.2";
			developmentRegion = English;
			hasScannedForEncodings = 0;
			knownRegions = (
				en,
				"zh-Hans",
				"zh-Hant",
			);
			mainGroup = E279F9A115E8D5E600B0C26D;
			productRefGroup = E279F9AD15E8D5E600B0C26D /* Products */;
			projectDirPath = "";
			projectRoot = "";
			targets = (
				E279F9AB15E8D5E600B0C26D /* baifo */,
			);
		};
/* End PBXProject section */

/* Begin PBXResourcesBuildPhase section */
		E279F9AA15E8D5E600B0C26D /* Resources */ = {
			isa = PBXResourcesBuildPhase;
			buildActionMask = 2147483647;
			files = (
				E279F9BB15E8D5E600B0C26D /* InfoPlist.strings in Resources */,
				E279F9C715E8D5E600B0C26D /* BFViewController_iPhone.xib in Resources */,
				E2C1546F15E8DC5500C48DFE /* Localizable.strings in Resources */,
				E2C1547015E8DC5500C48DFE /* bg.png in Resources */,
				E2C1547115E8DC5500C48DFE /* bg@2x.png in Resources */,
				E2C1547215E8DC5500C48DFE /* bg_land.png in Resources */,
				E2C1547315E8DC5500C48DFE /* bg_land@2x.png in Resources */,
				E2C1547415E8DC5500C48DFE /* btn.png in Resources */,
				E2C1547515E8DC5500C48DFE /* btn@2x.png in Resources */,
				E2C1547615E8DC5500C48DFE /* close.png in Resources */,
				E2C1547715E8DC5500C48DFE /* close@2x.png in Resources */,
				E2C1547815E8DC5500C48DFE /* close_btn.png in Resources */,
				E2C1547915E8DC5500C48DFE /* close_btn@2x.png in Resources */,
				E2C1547A15E8DC5500C48DFE /* delete.png in Resources */,
				E2C1547B15E8DC5500C48DFE /* delete@2x.png in Resources */,
				E2C1547C15E8DC5500C48DFE /* logo.png in Resources */,
				E2C1547D15E8DC5500C48DFE /* logo@2x.png in Resources */,
				E2C1549315E9112000C48DFE /* config.plist in Resources */,
				E298D0CB15ED07B700759B51 /* emtf.wav in Resources */,
				E298D0D315ED2D3900759B51 /* background.jpg in Resources */,
				E29478E415EE7D3600DD0093 /* spring.mp3 in Resources */,
				E29957C115F3C9DD001C4E50 /* IntroViewController_iPhone.xib in Resources */,
				E29957D115F3E1BD001C4E50 /* intro_background.png in Resources */,
				E29957D315F3E302001C4E50 /* IntroPages_iPhone.xib in Resources */,
			);
			runOnlyForDeploymentPostprocessing = 0;
		};
/* End PBXResourcesBuildPhase section */

/* Begin PBXSourcesBuildPhase section */
		E279F9A815E8D5E600B0C26D /* Sources */ = {
			isa = PBXSourcesBuildPhase;
			buildActionMask = 2147483647;
			files = (
				E279F9BD15E8D5E600B0C26D /* main.m in Sources */,
				E279F9C115E8D5E600B0C26D /* BFAppDelegate.m in Sources */,
				E279F9C415E8D5E600B0C26D /* BFViewController.m in Sources */,
				E279F9D515E8D73900B0C26D /* GLGravityView.m in Sources */,
				E279F9D615E8D73900B0C26D /* MotionDetection.m in Sources */,
				E2C1546C15E8DC5500C48DFE /* JSONKit.m in Sources */,
				E2C1546D15E8DC5500C48DFE /* Reachability.m in Sources */,
				E2C1546E15E8DC5500C48DFE /* GTMBase64.m in Sources */,
				E2C1547E15E8DC5500C48DFE /* NSObject+SBJSON.m in Sources */,
				E2C1547F15E8DC5500C48DFE /* NSString+SBJSON.m in Sources */,
				E2C1548015E8DC5500C48DFE /* SBJSON.m in Sources */,
				E2C1548115E8DC5500C48DFE /* SBJsonBase.m in Sources */,
				E2C1548215E8DC5500C48DFE /* SBJsonParser.m in Sources */,
				E2C1548315E8DC5500C48DFE /* SBJsonWriter.m in Sources */,
				E2C1548415E8DC5500C48DFE /* SFHFKeychainUtils.m in Sources */,
				E2C1548515E8DC5500C48DFE /* WBAuthorize.m in Sources */,
				E2C1548615E8DC5500C48DFE /* WBAuthorizeWebView.m in Sources */,
				E2C1548715E8DC5500C48DFE /* WBEngine.m in Sources */,
				E2C1548815E8DC5500C48DFE /* WBLogInAlertView.m in Sources */,
				E2C1548915E8DC5500C48DFE /* WBRequest.m in Sources */,
				E2C1548A15E8DC5500C48DFE /* WBSendView.m in Sources */,
				E2C1548B15E8DC5500C48DFE /* WBUtil.m in Sources */,
				E2C1548C15E8DC5500C48DFE /* SVGeocoder.m in Sources */,
				E2C1548D15E8DC5500C48DFE /* SVPlacemark.m in Sources */,
				E2C1549115E90F3C00C48DFE /* WebAPIClient.m in Sources */,
				E29478E115EE7AF200DD0093 /* SoundEffect.m in Sources */,
				E29957C915F3CBE3001C4E50 /* IntroViewController.m in Sources */,
				E29957CC15F3CDCF001C4E50 /* ViewSwitcher.m in Sources */,
				E29957CF15F3D34C001C4E50 /* BFAppData.m in Sources */,
			);
			runOnlyForDeploymentPostprocessing = 0;
		};
/* End PBXSourcesBuildPhase section */

/* Begin PBXVariantGroup section */
		E279F9B915E8D5E600B0C26D /* InfoPlist.strings */ = {
			isa = PBXVariantGroup;
			children = (
				E279F9BA15E8D5E600B0C26D /* en */,
			);
			name = InfoPlist.strings;
			sourceTree = "<group>";
		};
		E279F9C515E8D5E600B0C26D /* BFViewController_iPhone.xib */ = {
			isa = PBXVariantGroup;
			children = (
				E279F9C615E8D5E600B0C26D /* en */,
			);
			name = BFViewController_iPhone.xib;
			sourceTree = "<group>";
		};
		E2C1543415E8DC5500C48DFE /* Localizable.strings */ = {
			isa = PBXVariantGroup;
			children = (
				E2C1543515E8DC5500C48DFE /* en */,
				E2C1546615E8DC5500C48DFE /* zh-Hans */,
				E2C1546715E8DC5500C48DFE /* zh-Hant */,
			);
			name = Localizable.strings;
			sourceTree = "<group>";
		};
/* End PBXVariantGroup section */

/* Begin XCBuildConfiguration section */
		E279F9CB15E8D5E600B0C26D /* Debug */ = {
			isa = XCBuildConfiguration;
			buildSettings = {
				ALWAYS_SEARCH_USER_PATHS = NO;
				ARCHS = "$(ARCHS_STANDARD_32_BIT)";
				CLANG_CXX_LANGUAGE_STANDARD = "gnu++0x";
				CLANG_WARN__DUPLICATE_METHOD_MATCH = YES;
				"CODE_SIGN_IDENTITY[sdk=iphoneos*]" = "iPhone Developer";
				COPY_PHASE_STRIP = NO;
				GCC_C_LANGUAGE_STANDARD = gnu99;
				GCC_DYNAMIC_NO_PIC = NO;
				GCC_OPTIMIZATION_LEVEL = 0;
				GCC_PREPROCESSOR_DEFINITIONS = (
					"DEBUG=1",
					"$(inherited)",
				);
				GCC_SYMBOLS_PRIVATE_EXTERN = NO;
				GCC_VERSION = com.apple.compilers.llvm.clang.1_0;
				GCC_WARN_ABOUT_RETURN_TYPE = YES;
				GCC_WARN_UNINITIALIZED_AUTOS = YES;
				GCC_WARN_UNUSED_VARIABLE = YES;
				IPHONEOS_DEPLOYMENT_TARGET = 5.1;
				SDKROOT = iphoneos;
				TARGETED_DEVICE_FAMILY = "1,2";
			};
			name = Debug;
		};
		E279F9CC15E8D5E600B0C26D /* Release */ = {
			isa = XCBuildConfiguration;
			buildSettings = {
				ALWAYS_SEARCH_USER_PATHS = NO;
				ARCHS = "$(ARCHS_STANDARD_32_BIT)";
				CLANG_CXX_LANGUAGE_STANDARD = "gnu++0x";
				CLANG_WARN__DUPLICATE_METHOD_MATCH = YES;
				"CODE_SIGN_IDENTITY[sdk=iphoneos*]" = "iPhone Developer";
				COPY_PHASE_STRIP = YES;
				GCC_C_LANGUAGE_STANDARD = gnu99;
				GCC_VERSION = com.apple.compilers.llvm.clang.1_0;
				GCC_WARN_ABOUT_RETURN_TYPE = YES;
				GCC_WARN_UNINITIALIZED_AUTOS = YES;
				GCC_WARN_UNUSED_VARIABLE = YES;
				IPHONEOS_DEPLOYMENT_TARGET = 5.1;
				OTHER_CFLAGS = "-DNS_BLOCK_ASSERTIONS=1";
				SDKROOT = iphoneos;
				TARGETED_DEVICE_FAMILY = "1,2";
				VALIDATE_PRODUCT = YES;
			};
			name = Release;
		};
		E279F9CE15E8D5E600B0C26D /* Debug */ = {
			isa = XCBuildConfiguration;
			buildSettings = {
				GCC_PRECOMPILE_PREFIX_HEADER = YES;
				GCC_PREFIX_HEADER = "baifo/baifo-Prefix.pch";
				INFOPLIST_FILE = "baifo/baifo-Info.plist";
				PRODUCT_NAME = "$(TARGET_NAME)";
				WRAPPER_EXTENSION = app;
			};
			name = Debug;
		};
		E279F9CF15E8D5E600B0C26D /* Release */ = {
			isa = XCBuildConfiguration;
			buildSettings = {
				GCC_PRECOMPILE_PREFIX_HEADER = YES;
				GCC_PREFIX_HEADER = "baifo/baifo-Prefix.pch";
				INFOPLIST_FILE = "baifo/baifo-Info.plist";
				PRODUCT_NAME = "$(TARGET_NAME)";
				WRAPPER_EXTENSION = app;
			};
			name = Release;
		};
/* End XCBuildConfiguration section */

/* Begin XCConfigurationList section */
		E279F9A615E8D5E600B0C26D /* Build configuration list for PBXProject "baifo" */ = {
			isa = XCConfigurationList;
			buildConfigurations = (
				E279F9CB15E8D5E600B0C26D /* Debug */,
				E279F9CC15E8D5E600B0C26D /* Release */,
			);
			defaultConfigurationIsVisible = 0;
			defaultConfigurationName = Release;
		};
		E279F9CD15E8D5E600B0C26D /* Build configuration list for PBXNativeTarget "baifo" */ = {
			isa = XCConfigurationList;
			buildConfigurations = (
				E279F9CE15E8D5E600B0C26D /* Debug */,
				E279F9CF15E8D5E600B0C26D /* Release */,
			);
			defaultConfigurationIsVisible = 0;
			defaultConfigurationName = Release;
		};
/* End XCConfigurationList section */
	};
	rootObject = E279F9A315E8D5E600B0C26D /* Project object */;
}
