// !$*UTF8*$!
{
	archiveVersion = 1;
	classes = {
	};
	objectVersion = 46;
	objects = {

/* Begin PBXBuildFile section */
		E279F9B115E8D5E600B0C26D /* UIKit.framework in Frameworks */ = {isa = PBXBuildFile; fileRef = E279F9B015E8D5E600B0C26D /* UIKit.framework */; };
		E279F9B315E8D5E600B0C26D /* Foundation.framework in Frameworks */ = {isa = PBXBuildFile; fileRef = E279F9B215E8D5E600B0C26D /* Foundation.framework */; };
		E279F9B515E8D5E600B0C26D /* CoreGraphics.framework in Frameworks */ = {isa = PBXBuildFile; fileRef = E279F9B415E8D5E600B0C26D /* CoreGraphics.framework */; };
		E279F9BB15E8D5E600B0C26D /* InfoPlist.strings in Resources */ = {isa = PBXBuildFile; fileRef = E279F9B915E8D5E600B0C26D /* InfoPlist.strings */; };
		E279F9BD15E8D5E600B0C26D /* main.m in Sources */ = {isa = PBXBuildFile; fileRef = E279F9BC15E8D5E600B0C26D /* main.m */; };
		E279F9C115E8D5E600B0C26D /* BFAppDelegate.m in Sources */ = {isa = PBXBuildFile; fileRef = E279F9C015E8D5E600B0C26D /* BFAppDelegate.m */; };
		E279F9C415E8D5E600B0C26D /* BFViewController.m in Sources */ = {isa = PBXBuildFile; fileRef = E279F9C315E8D5E600B0C26D /* BFViewController.m */; };
		E279F9C715E8D5E600B0C26D /* BFViewController_iPhone.xib in Resources */ = {isa = PBXBuildFile; fileRef = E279F9C515E8D5E600B0C26D /* BFViewController_iPhone.xib */; };
		E279F9CA15E8D5E600B0C26D /* BFViewController_iPad.xib in Resources */ = {isa = PBXBuildFile; fileRef = E279F9C815E8D5E600B0C26D /* BFViewController_iPad.xib */; };
		E279F9D515E8D73900B0C26D /* GLGravityView.m in Sources */ = {isa = PBXBuildFile; fileRef = E279F9D215E8D73900B0C26D /* GLGravityView.m */; };
		E279F9D615E8D73900B0C26D /* MotionDetection.m in Sources */ = {isa = PBXBuildFile; fileRef = E279F9D415E8D73900B0C26D /* MotionDetection.m */; };
		E279F9D815E8D75800B0C26D /* AddressBook.framework in Frameworks */ = {isa = PBXBuildFile; fileRef = E279F9D715E8D75700B0C26D /* AddressBook.framework */; };
		E279F9DA15E8D76000B0C26D /* CoreLocation.framework in Frameworks */ = {isa = PBXBuildFile; fileRef = E279F9D915E8D76000B0C26D /* CoreLocation.framework */; };
		E279F9DC15E8D76700B0C26D /* CoreMotion.framework in Frameworks */ = {isa = PBXBuildFile; fileRef = E279F9DB15E8D76700B0C26D /* CoreMotion.framework */; };
		E279F9DE15E8D77800B0C26D /* MapKit.framework in Frameworks */ = {isa = PBXBuildFile; fileRef = E279F9DD15E8D77800B0C26D /* MapKit.framework */; };
		E279F9E015E8D78500B0C26D /* OpenGLES.framework in Frameworks */ = {isa = PBXBuildFile; fileRef = E279F9DF15E8D78500B0C26D /* OpenGLES.framework */; };
		E279F9E215E8D79300B0C26D /* QuartzCore.framework in Frameworks */ = {isa = PBXBuildFile; fileRef = E279F9E115E8D79300B0C26D /* QuartzCore.framework */; };
		E279F9E415E8D79900B0C26D /* Security.framework in Frameworks */ = {isa = PBXBuildFile; fileRef = E279F9E315E8D79900B0C26D /* Security.framework */; };
		E279F9E615E8D7A100B0C26D /* SystemConfiguration.framework in Frameworks */ = {isa = PBXBuildFile; fileRef = E279F9E515E8D7A100B0C26D /* SystemConfiguration.framework */; };
/* End PBXBuildFile section */

/* Begin PBXFileReference section */
		E279F9AC15E8D5E600B0C26D /* baifo.app */ = {isa = PBXFileReference; explicitFileType = wrapper.application; includeInIndex = 0; path = baifo.app; sourceTree = BUILT_PRODUCTS_DIR; };
		E279F9B015E8D5E600B0C26D /* UIKit.framework */ = {isa = PBXFileReference; lastKnownFileType = wrapper.framework; name = UIKit.framework; path = System/Library/Frameworks/UIKit.framework; sourceTree = SDKROOT; };
		E279F9B215E8D5E600B0C26D /* Foundation.framework */ = {isa = PBXFileReference; lastKnownFileType = wrapper.framework; name = Foundation.framework; path = System/Library/Frameworks/Foundation.framework; sourceTree = SDKROOT; };
		E279F9B415E8D5E600B0C26D /* CoreGraphics.framework */ = {isa = PBXFileReference; lastKnownFileType = wrapper.framework; name = CoreGraphics.framework; path = System/Library/Frameworks/CoreGraphics.framework; sourceTree = SDKROOT; };
		E279F9B815E8D5E600B0C26D /* baifo-Info.plist */ = {isa = PBXFileReference; lastKnownFileType = text.plist.xml; path = "baifo-Info.plist"; sourceTree = "<group>"; };
		E279F9BA15E8D5E600B0C26D /* en */ = {isa = PBXFileReference; lastKnownFileType = text.plist.strings; name = en; path = en.lproj/InfoPlist.strings; sourceTree = "<group>"; };
		E279F9BC15E8D5E600B0C26D /* main.m */ = {isa = PBXFileReference; lastKnownFileType = sourcecode.c.objc; path = main.m; sourceTree = "<group>"; };
		E279F9BE15E8D5E600B0C26D /* baifo-Prefix.pch */ = {isa = PBXFileReference; lastKnownFileType = sourcecode.c.h; path = "baifo-Prefix.pch"; sourceTree = "<group>"; };
		E279F9BF15E8D5E600B0C26D /* BFAppDelegate.h */ = {isa = PBXFileReference; lastKnownFileType = sourcecode.c.h; path = BFAppDelegate.h; sourceTree = "<group>"; };
		E279F9C015E8D5E600B0C26D /* BFAppDelegate.m */ = {isa = PBXFileReference; lastKnownFileType = sourcecode.c.objc; path = BFAppDelegate.m; sourceTree = "<group>"; };
		E279F9C215E8D5E600B0C26D /* BFViewController.h */ = {isa = PBXFileReference; lastKnownFileType = sourcecode.c.h; path = BFViewController.h; sourceTree = "<group>"; };
		E279F9C315E8D5E600B0C26D /* BFViewController.m */ = {isa = PBXFileReference; lastKnownFileType = sourcecode.c.objc; path = BFViewController.m; sourceTree = "<group>"; };
		E279F9C615E8D5E600B0C26D /* en */ = {isa = PBXFileReference; lastKnownFileType = file.xib; name = en; path = en.lproj/BFViewController_iPhone.xib; sourceTree = "<group>"; };
		E279F9C915E8D5E600B0C26D /* en */ = {isa = PBXFileReference; lastKnownFileType = file.xib; name = en; path = en.lproj/BFViewController_iPad.xib; sourceTree = "<group>"; };
		E279F9D015E8D73900B0C26D /* GLESmodel.h */ = {isa = PBXFileReference; fileEncoding = 4; lastKnownFileType = sourcecode.c.h; path = GLESmodel.h; sourceTree = "<group>"; };
		E279F9D115E8D73900B0C26D /* GLGravityView.h */ = {isa = PBXFileReference; fileEncoding = 4; lastKnownFileType = sourcecode.c.h; path = GLGravityView.h; sourceTree = "<group>"; };
		E279F9D215E8D73900B0C26D /* GLGravityView.m */ = {isa = PBXFileReference; fileEncoding = 4; lastKnownFileType = sourcecode.c.objc; path = GLGravityView.m; sourceTree = "<group>"; };
		E279F9D315E8D73900B0C26D /* MotionDetection.h */ = {isa = PBXFileReference; fileEncoding = 4; lastKnownFileType = sourcecode.c.h; path = MotionDetection.h; sourceTree = "<group>"; };
		E279F9D415E8D73900B0C26D /* MotionDetection.m */ = {isa = PBXFileReference; fileEncoding = 4; lastKnownFileType = sourcecode.c.objc; path = MotionDetection.m; sourceTree = "<group>"; };
		E279F9D715E8D75700B0C26D /* AddressBook.framework */ = {isa = PBXFileReference; lastKnownFileType = wrapper.framework; name = AddressBook.framework; path = System/Library/Frameworks/AddressBook.framework; sourceTree = SDKROOT; };
		E279F9D915E8D76000B0C26D /* CoreLocation.framework */ = {isa = PBXFileReference; lastKnownFileType = wrapper.framework; name = CoreLocation.framework; path = System/Library/Frameworks/CoreLocation.framework; sourceTree = SDKROOT; };
		E279F9DB15E8D76700B0C26D /* CoreMotion.framework */ = {isa = PBXFileReference; lastKnownFileType = wrapper.framework; name = CoreMotion.framework; path = System/Library/Frameworks/CoreMotion.framework; sourceTree = SDKROOT; };
		E279F9DD15E8D77800B0C26D /* MapKit.framework */ = {isa = PBXFileReference; lastKnownFileType = wrapper.framework; name = MapKit.framework; path = System/Library/Frameworks/MapKit.framework; sourceTree = SDKROOT; };
		E279F9DF15E8D78500B0C26D /* OpenGLES.framework */ = {isa = PBXFileReference; lastKnownFileType = wrapper.framework; name = OpenGLES.framework; path = System/Library/Frameworks/OpenGLES.framework; sourceTree = SDKROOT; };
		E279F9E115E8D79300B0C26D /* QuartzCore.framework */ = {isa = PBXFileReference; lastKnownFileType = wrapper.framework; name = QuartzCore.framework; path = System/Library/Frameworks/QuartzCore.framework; sourceTree = SDKROOT; };
		E279F9E315E8D79900B0C26D /* Security.framework */ = {isa = PBXFileReference; lastKnownFileType = wrapper.framework; name = Security.framework; path = System/Library/Frameworks/Security.framework; sourceTree = SDKROOT; };
		E279F9E515E8D7A100B0C26D /* SystemConfiguration.framework */ = {isa = PBXFileReference; lastKnownFileType = wrapper.framework; name = SystemConfiguration.framework; path = System/Library/Frameworks/SystemConfiguration.framework; sourceTree = SDKROOT; };
/* End PBXFileReference section */

/* Begin PBXFrameworksBuildPhase section */
		E279F9A915E8D5E600B0C26D /* Frameworks */ = {
			isa = PBXFrameworksBuildPhase;
			buildActionMask = 2147483647;
			files = (
				E279F9B115E8D5E600B0C26D /* UIKit.framework in Frameworks */,
				E279F9E615E8D7A100B0C26D /* SystemConfiguration.framework in Frameworks */,
				E279F9E415E8D79900B0C26D /* Security.framework in Frameworks */,
				E279F9E215E8D79300B0C26D /* QuartzCore.framework in Frameworks */,
				E279F9E015E8D78500B0C26D /* OpenGLES.framework in Frameworks */,
				E279F9DE15E8D77800B0C26D /* MapKit.framework in Frameworks */,
				E279F9B315E8D5E600B0C26D /* Foundation.framework in Frameworks */,
				E279F9DC15E8D76700B0C26D /* CoreMotion.framework in Frameworks */,
				E279F9DA15E8D76000B0C26D /* CoreLocation.framework in Frameworks */,
				E279F9D815E8D75800B0C26D /* AddressBook.framework in Frameworks */,
				E279F9B515E8D5E600B0C26D /* CoreGraphics.framework in Frameworks */,
			);
			runOnlyForDeploymentPostprocessing = 0;
		};
/* End PBXFrameworksBuildPhase section */

/* Begin PBXGroup section */
		E279F9A115E8D5E600B0C26D = {
			isa = PBXGroup;
			children = (
				E279F9B615E8D5E600B0C26D /* baifo */,
				E279F9AF15E8D5E600B0C26D /* Frameworks */,
				E279F9AD15E8D5E600B0C26D /* Products */,
			);
			sourceTree = "<group>";
		};
		E279F9AD15E8D5E600B0C26D /* Products */ = {
			isa = PBXGroup;
			children = (
				E279F9AC15E8D5E600B0C26D /* baifo.app */,
			);
			name = Products;
			sourceTree = "<group>";
		};
		E279F9AF15E8D5E600B0C26D /* Frameworks */ = {
			isa = PBXGroup;
			children = (
				E279F9D715E8D75700B0C26D /* AddressBook.framework */,
				E279F9D915E8D76000B0C26D /* CoreLocation.framework */,
				E279F9B415E8D5E600B0C26D /* CoreGraphics.framework */,
				E279F9DB15E8D76700B0C26D /* CoreMotion.framework */,
				E279F9B215E8D5E600B0C26D /* Foundation.framework */,
				E279F9DD15E8D77800B0C26D /* MapKit.framework */,
				E279F9DF15E8D78500B0C26D /* OpenGLES.framework */,
				E279F9E115E8D79300B0C26D /* QuartzCore.framework */,
				E279F9E315E8D79900B0C26D /* Security.framework */,
				E279F9E515E8D7A100B0C26D /* SystemConfiguration.framework */,
				E279F9B015E8D5E600B0C26D /* UIKit.framework */,
			);
			name = Frameworks;
			sourceTree = "<group>";
		};
		E279F9B615E8D5E600B0C26D /* baifo */ = {
			isa = PBXGroup;
			children = (
				E279F9D015E8D73900B0C26D /* GLESmodel.h */,
				E279F9D115E8D73900B0C26D /* GLGravityView.h */,
				E279F9D215E8D73900B0C26D /* GLGravityView.m */,
				E279F9D315E8D73900B0C26D /* MotionDetection.h */,
				E279F9D415E8D73900B0C26D /* MotionDetection.m */,
				E279F9BF15E8D5E600B0C26D /* BFAppDelegate.h */,
				E279F9C015E8D5E600B0C26D /* BFAppDelegate.m */,
				E279F9C215E8D5E600B0C26D /* BFViewController.h */,
				E279F9C315E8D5E600B0C26D /* BFViewController.m */,
				E279F9C515E8D5E600B0C26D /* BFViewController_iPhone.xib */,
				E279F9C815E8D5E600B0C26D /* BFViewController_iPad.xib */,
				E279F9B715E8D5E600B0C26D /* Supporting Files */,
			);
			path = baifo;
			sourceTree = "<group>";
		};
		E279F9B715E8D5E600B0C26D /* Supporting Files */ = {
			isa = PBXGroup;
			children = (
				E279F9B815E8D5E600B0C26D /* baifo-Info.plist */,
				E279F9B915E8D5E600B0C26D /* InfoPlist.strings */,
				E279F9BC15E8D5E600B0C26D /* main.m */,
				E279F9BE15E8D5E600B0C26D /* baifo-Prefix.pch */,
			);
			name = "Supporting Files";
			sourceTree = "<group>";
		};
/* End PBXGroup section */

/* Begin PBXNativeTarget section */
		E279F9AB15E8D5E600B0C26D /* baifo */ = {
			isa = PBXNativeTarget;
			buildConfigurationList = E279F9CD15E8D5E600B0C26D /* Build configuration list for PBXNativeTarget "baifo" */;
			buildPhases = (
				E279F9A815E8D5E600B0C26D /* Sources */,
				E279F9A915E8D5E600B0C26D /* Frameworks */,
				E279F9AA15E8D5E600B0C26D /* Resources */,
			);
			buildRules = (
			);
			dependencies = (
			);
			name = baifo;
			productName = baifo;
			productReference = E279F9AC15E8D5E600B0C26D /* baifo.app */;
			productType = "com.apple.product-type.application";
		};
/* End PBXNativeTarget section */

/* Begin PBXProject section */
		E279F9A315E8D5E600B0C26D /* Project object */ = {
			isa = PBXProject;
			attributes = {
				CLASSPREFIX = BF;
				LastUpgradeCheck = 0440;
				ORGANIZATIONNAME = "Hong Liming";
			};
			buildConfigurationList = E279F9A615E8D5E600B0C26D /* Build configuration list for PBXProject "baifo" */;
			compatibilityVersion = "Xcode 3.2";
			developmentRegion = English;
			hasScannedForEncodings = 0;
			knownRegions = (
				en,
			);
			mainGroup = E279F9A115E8D5E600B0C26D;
			productRefGroup = E279F9AD15E8D5E600B0C26D /* Products */;
			projectDirPath = "";
			projectRoot = "";
			targets = (
				E279F9AB15E8D5E600B0C26D /* baifo */,
			);
		};
/* End PBXProject section */

/* Begin PBXResourcesBuildPhase section */
		E279F9AA15E8D5E600B0C26D /* Resources */ = {
			isa = PBXResourcesBuildPhase;
			buildActionMask = 2147483647;
			files = (
				E279F9BB15E8D5E600B0C26D /* InfoPlist.strings in Resources */,
				E279F9C715E8D5E600B0C26D /* BFViewController_iPhone.xib in Resources */,
				E279F9CA15E8D5E600B0C26D /* BFViewController_iPad.xib in Resources */,
			);
			runOnlyForDeploymentPostprocessing = 0;
		};
/* End PBXResourcesBuildPhase section */

/* Begin PBXSourcesBuildPhase section */
		E279F9A815E8D5E600B0C26D /* Sources */ = {
			isa = PBXSourcesBuildPhase;
			buildActionMask = 2147483647;
			files = (
				E279F9BD15E8D5E600B0C26D /* main.m in Sources */,
				E279F9C115E8D5E600B0C26D /* BFAppDelegate.m in Sources */,
				E279F9C415E8D5E600B0C26D /* BFViewController.m in Sources */,
				E279F9D515E8D73900B0C26D /* GLGravityView.m in Sources */,
				E279F9D615E8D73900B0C26D /* MotionDetection.m in Sources */,
			);
			runOnlyForDeploymentPostprocessing = 0;
		};
/* End PBXSourcesBuildPhase section */

/* Begin PBXVariantGroup section */
		E279F9B915E8D5E600B0C26D /* InfoPlist.strings */ = {
			isa = PBXVariantGroup;
			children = (
				E279F9BA15E8D5E600B0C26D /* en */,
			);
			name = InfoPlist.strings;
			sourceTree = "<group>";
		};
		E279F9C515E8D5E600B0C26D /* BFViewController_iPhone.xib */ = {
			isa = PBXVariantGroup;
			children = (
				E279F9C615E8D5E600B0C26D /* en */,
			);
			name = BFViewController_iPhone.xib;
			sourceTree = "<group>";
		};
		E279F9C815E8D5E600B0C26D /* BFViewController_iPad.xib */ = {
			isa = PBXVariantGroup;
			children = (
				E279F9C915E8D5E600B0C26D /* en */,
			);
			name = BFViewController_iPad.xib;
			sourceTree = "<group>";
		};
/* End PBXVariantGroup section */

/* Begin XCBuildConfiguration section */
		E279F9CB15E8D5E600B0C26D /* Debug */ = {
			isa = XCBuildConfiguration;
			buildSettings = {
				ALWAYS_SEARCH_USER_PATHS = NO;
				ARCHS = "$(ARCHS_STANDARD_32_BIT)";
				CLANG_CXX_LANGUAGE_STANDARD = "gnu++0x";
				CLANG_WARN__DUPLICATE_METHOD_MATCH = YES;
				"CODE_SIGN_IDENTITY[sdk=iphoneos*]" = "iPhone Developer";
				COPY_PHASE_STRIP = NO;
				GCC_C_LANGUAGE_STANDARD = gnu99;
				GCC_DYNAMIC_NO_PIC = NO;
				GCC_OPTIMIZATION_LEVEL = 0;
				GCC_PREPROCESSOR_DEFINITIONS = (
					"DEBUG=1",
					"$(inherited)",
				);
				GCC_SYMBOLS_PRIVATE_EXTERN = NO;
				GCC_VERSION = com.apple.compilers.llvm.clang.1_0;
				GCC_WARN_ABOUT_RETURN_TYPE = YES;
				GCC_WARN_UNINITIALIZED_AUTOS = YES;
				GCC_WARN_UNUSED_VARIABLE = YES;
				IPHONEOS_DEPLOYMENT_TARGET = 5.1;
				SDKROOT = iphoneos;
				TARGETED_DEVICE_FAMILY = "1,2";
			};
			name = Debug;
		};
		E279F9CC15E8D5E600B0C26D /* Release */ = {
			isa = XCBuildConfiguration;
			buildSettings = {
				ALWAYS_SEARCH_USER_PATHS = NO;
				ARCHS = "$(ARCHS_STANDARD_32_BIT)";
				CLANG_CXX_LANGUAGE_STANDARD = "gnu++0x";
				CLANG_WARN__DUPLICATE_METHOD_MATCH = YES;
				"CODE_SIGN_IDENTITY[sdk=iphoneos*]" = "iPhone Developer";
				COPY_PHASE_STRIP = YES;
				GCC_C_LANGUAGE_STANDARD = gnu99;
				GCC_VERSION = com.apple.compilers.llvm.clang.1_0;
				GCC_WARN_ABOUT_RETURN_TYPE = YES;
				GCC_WARN_UNINITIALIZED_AUTOS = YES;
				GCC_WARN_UNUSED_VARIABLE = YES;
				IPHONEOS_DEPLOYMENT_TARGET = 5.1;
				OTHER_CFLAGS = "-DNS_BLOCK_ASSERTIONS=1";
				SDKROOT = iphoneos;
				TARGETED_DEVICE_FAMILY = "1,2";
				VALIDATE_PRODUCT = YES;
			};
			name = Release;
		};
		E279F9CE15E8D5E600B0C26D /* Debug */ = {
			isa = XCBuildConfiguration;
			buildSettings = {
				GCC_PRECOMPILE_PREFIX_HEADER = YES;
				GCC_PREFIX_HEADER = "baifo/baifo-Prefix.pch";
				INFOPLIST_FILE = "baifo/baifo-Info.plist";
				PRODUCT_NAME = "$(TARGET_NAME)";
				WRAPPER_EXTENSION = app;
			};
			name = Debug;
		};
		E279F9CF15E8D5E600B0C26D /* Release */ = {
			isa = XCBuildConfiguration;
			buildSettings = {
				GCC_PRECOMPILE_PREFIX_HEADER = YES;
				GCC_PREFIX_HEADER = "baifo/baifo-Prefix.pch";
				INFOPLIST_FILE = "baifo/baifo-Info.plist";
				PRODUCT_NAME = "$(TARGET_NAME)";
				WRAPPER_EXTENSION = app;
			};
			name = Release;
		};
/* End XCBuildConfiguration section */

/* Begin XCConfigurationList section */
		E279F9A615E8D5E600B0C26D /* Build configuration list for PBXProject "baifo" */ = {
			isa = XCConfigurationList;
			buildConfigurations = (
				E279F9CB15E8D5E600B0C26D /* Debug */,
				E279F9CC15E8D5E600B0C26D /* Release */,
			);
			defaultConfigurationIsVisible = 0;
			defaultConfigurationName = Release;
		};
		E279F9CD15E8D5E600B0C26D /* Build configuration list for PBXNativeTarget "baifo" */ = {
			isa = XCConfigurationList;
			buildConfigurations = (
				E279F9CE15E8D5E600B0C26D /* Debug */,
				E279F9CF15E8D5E600B0C26D /* Release */,
			);
			defaultConfigurationIsVisible = 0;
		};
/* End XCConfigurationList section */
	};
	rootObject = E279F9A315E8D5E600B0C26D /* Project object */;
}
